
Microsoft Visual Studio Solution File, Format Version 12.00
# Visual Studio Version 17
VisualStudioVersion = 17.7.34018.315
MinimumVisualStudioVersion = 10.0.40219.1
Project("{2150E333-8FDC-42A3-9474-1A3956D46DE8}") = "LIB", "LIB", "{1D772225-8193-4903-B25A-D97E51952CAF}"
EndProject
Project("{9A19103F-16F7-4668-BE54-9A1E7A4F7556}") = "ILIb1.1", "ILIb1.1\ILIb1.1.csproj", "{B158D17F-6E1C-4B78-93E0-B1E75BA11E62}"
EndProject
Global
	GlobalSection(SolutionConfigurationPlatforms) = preSolution
		Debug|Any CPU = Debug|Any CPU
		Release|Any CPU = Release|Any CPU
	EndGlobalSection
	GlobalSection(ProjectConfigurationPlatforms) = postSolution
		{B158D17F-6E1C-4B78-93E0-B1E75BA11E62}.Debug|Any CPU.ActiveCfg = Debug|Any CPU
		{B158D17F-6E1C-4B78-93E0-B1E75BA11E62}.Debug|Any CPU.Build.0 = Debug|Any CPU
		{B158D17F-6E1C-4B78-93E0-B1E75BA11E62}.Release|Any CPU.ActiveCfg = Release|Any CPU
		{B158D17F-6E1C-4B78-93E0-B1E75BA11E62}.Release|Any CPU.Build.0 = Release|Any CPU
	EndGlobalSection
	GlobalSection(SolutionProperties) = preSolution
		HideSolutionNode = FALSE
	EndGlobalSection
	GlobalSection(NestedProjects) = preSolution
		{B158D17F-6E1C-4B78-93E0-B1E75BA11E62} = {1D772225-8193-4903-B25A-D97E51952CAF}
	EndGlobalSection
	GlobalSection(ExtensibilityGlobals) = postSolution
		SolutionGuid = {E73D27D5-2544-4520-9C9E-0E0981548E14}
	EndGlobalSection
EndGlobal
